
Microsoft Visual Studio Solution File, Format Version 12.00
# Visual Studio Version 17
VisualStudioVersion = 17.3.32819.101
MinimumVisualStudioVersion = 10.0.40219.1
Project("{F184B08F-C81C-45F6-A57F-5ABD9991F28F}") = "payload", "payload.vbproj", "{4F853EC6-4D8C-47D9-9832-06CD45FD7492}"
EndProject
Global
	GlobalSection(SolutionConfigurationPlatforms) = preSolution
		Debug|Any CPU = Debug|Any CPU
		Release|Any CPU = Release|Any CPU
	EndGlobalSection
	GlobalSection(ProjectConfigurationPlatforms) = postSolution
		{4F853EC6-4D8C-47D9-9832-06CD45FD7492}.Debug|Any CPU.ActiveCfg = Debug|Any CPU
		{4F853EC6-4D8C-47D9-9832-06CD45FD7492}.Debug|Any CPU.Build.0 = Debug|Any CPU
		{4F853EC6-4D8C-47D9-9832-06CD45FD7492}.Release|Any CPU.ActiveCfg = Release|Any CPU
		{4F853EC6-4D8C-47D9-9832-06CD45FD7492}.Release|Any CPU.Build.0 = Release|Any CPU
	EndGlobalSection
	GlobalSection(SolutionProperties) = preSolution
		HideSolutionNode = FALSE
	EndGlobalSection
	GlobalSection(ExtensibilityGlobals) = postSolution
		SolutionGuid = {29628876-EA89-46F2-95F8-3217FEE54726}
	EndGlobalSection
EndGlobal
